
Microsoft Visual Studio Solution File, Format Version 12.00
# Visual Studio Version 17
VisualStudioVersion = 17.4.33205.214
MinimumVisualStudioVersion = 10.0.40219.1
Project("{FAE04EC0-301F-11D3-BF4B-00C04F79EFBC}") = "Barks", "Barks\Barks.csproj", "{30210CA6-5796-47AE-B235-F93804DD2D3C}"
EndProject
Project("{FAE04EC0-301F-11D3-BF4B-00C04F79EFBC}") = "BarksAPI2", "BarksAPI2.0\BarksAPI2.csproj", "{5653693D-8D22-4C54-9322-B1CB86412C79}"
EndProject
Global
	GlobalSection(SolutionConfigurationPlatforms) = preSolution
		Debug|Any CPU = Debug|Any CPU
		Release|Any CPU = Release|Any CPU
	EndGlobalSection
	GlobalSection(ProjectConfigurationPlatforms) = postSolution
		{30210CA6-5796-47AE-B235-F93804DD2D3C}.Debug|Any CPU.ActiveCfg = Debug|Any CPU
		{30210CA6-5796-47AE-B235-F93804DD2D3C}.Debug|Any CPU.Build.0 = Debug|Any CPU
		{30210CA6-5796-47AE-B235-F93804DD2D3C}.Release|Any CPU.ActiveCfg = Release|Any CPU
		{30210CA6-5796-47AE-B235-F93804DD2D3C}.Release|Any CPU.Build.0 = Release|Any CPU
		{5653693D-8D22-4C54-9322-B1CB86412C79}.Debug|Any CPU.ActiveCfg = Debug|Any CPU
		{5653693D-8D22-4C54-9322-B1CB86412C79}.Debug|Any CPU.Build.0 = Debug|Any CPU
		{5653693D-8D22-4C54-9322-B1CB86412C79}.Release|Any CPU.ActiveCfg = Release|Any CPU
		{5653693D-8D22-4C54-9322-B1CB86412C79}.Release|Any CPU.Build.0 = Release|Any CPU
	EndGlobalSection
	GlobalSection(SolutionProperties) = preSolution
		HideSolutionNode = FALSE
	EndGlobalSection
	GlobalSection(ExtensibilityGlobals) = postSolution
		SolutionGuid = {583B4CDA-99E9-4D68-A966-7F19B2F8FA08}
	EndGlobalSection
EndGlobal
